
Microsoft Visual Studio Solution File, Format Version 12.00
# Visual Studio Version 16
VisualStudioVersion = 16.0.31729.503
MinimumVisualStudioVersion = 10.0.40219.1
Project("{FAE04EC0-301F-11D3-BF4B-00C04F79EFBC}") = "Lab1", "Lab1\Lab1.csproj", "{DCFCA98A-D8DD-4C93-A74F-80D45F9DC60F}"
EndProject
Global
	GlobalSection(SolutionConfigurationPlatforms) = preSolution
		Debug|Any CPU = Debug|Any CPU
		Release|Any CPU = Release|Any CPU
	EndGlobalSection
	GlobalSection(ProjectConfigurationPlatforms) = postSolution
		{DCFCA98A-D8DD-4C93-A74F-80D45F9DC60F}.Debug|Any CPU.ActiveCfg = Debug|Any CPU
		{DCFCA98A-D8DD-4C93-A74F-80D45F9DC60F}.Debug|Any CPU.Build.0 = Debug|Any CPU
		{DCFCA98A-D8DD-4C93-A74F-80D45F9DC60F}.Release|Any CPU.ActiveCfg = Release|Any CPU
		{DCFCA98A-D8DD-4C93-A74F-80D45F9DC60F}.Release|Any CPU.Build.0 = Release|Any CPU
	EndGlobalSection
	GlobalSection(SolutionProperties) = preSolution
		HideSolutionNode = FALSE
	EndGlobalSection
	GlobalSection(ExtensibilityGlobals) = postSolution
		SolutionGuid = {0C78000E-A908-462C-914A-C73A0BF455FE}
	EndGlobalSection
EndGlobal
