
Microsoft Visual Studio Solution File, Format Version 12.00
# Visual Studio Version 16
VisualStudioVersion = 16.0.31729.503
MinimumVisualStudioVersion = 10.0.40219.1
Project("{FAE04EC0-301F-11D3-BF4B-00C04F79EFBC}") = "Lab1", "Lab1\Lab1.csproj", "{5CC5EA76-DCE9-4B69-821B-22E40546CADF}"
EndProject
Global
	GlobalSection(SolutionConfigurationPlatforms) = preSolution
		Debug|Any CPU = Debug|Any CPU
		Release|Any CPU = Release|Any CPU
	EndGlobalSection
	GlobalSection(ProjectConfigurationPlatforms) = postSolution
		{5CC5EA76-DCE9-4B69-821B-22E40546CADF}.Debug|Any CPU.ActiveCfg = Debug|Any CPU
		{5CC5EA76-DCE9-4B69-821B-22E40546CADF}.Debug|Any CPU.Build.0 = Debug|Any CPU
		{5CC5EA76-DCE9-4B69-821B-22E40546CADF}.Release|Any CPU.ActiveCfg = Release|Any CPU
		{5CC5EA76-DCE9-4B69-821B-22E40546CADF}.Release|Any CPU.Build.0 = Release|Any CPU
	EndGlobalSection
	GlobalSection(SolutionProperties) = preSolution
		HideSolutionNode = FALSE
	EndGlobalSection
	GlobalSection(ExtensibilityGlobals) = postSolution
		SolutionGuid = {BDFC5A91-EC93-4081-A29C-AB14ECD9A539}
	EndGlobalSection
EndGlobal
